
Microsoft Visual Studio Solution File, Format Version 12.00
# Visual Studio 15
VisualStudioVersion = 15.0.28307.572
MinimumVisualStudioVersion = 10.0.40219.1
Project("{FAE04EC0-301F-11D3-BF4B-00C04F79EFBC}") = "CryptLab3", "CryptLab3\CryptLab3.csproj", "{3CD0EEDB-75B7-43BA-9E18-894CED12CD3F}"
EndProject
Global
	GlobalSection(SolutionConfigurationPlatforms) = preSolution
		Debug|Any CPU = Debug|Any CPU
		Release|Any CPU = Release|Any CPU
	EndGlobalSection
	GlobalSection(ProjectConfigurationPlatforms) = postSolution
		{3CD0EEDB-75B7-43BA-9E18-894CED12CD3F}.Debug|Any CPU.ActiveCfg = Debug|Any CPU
		{3CD0EEDB-75B7-43BA-9E18-894CED12CD3F}.Debug|Any CPU.Build.0 = Debug|Any CPU
		{3CD0EEDB-75B7-43BA-9E18-894CED12CD3F}.Release|Any CPU.ActiveCfg = Release|Any CPU
		{3CD0EEDB-75B7-43BA-9E18-894CED12CD3F}.Release|Any CPU.Build.0 = Release|Any CPU
	EndGlobalSection
	GlobalSection(SolutionProperties) = preSolution
		HideSolutionNode = FALSE
	EndGlobalSection
	GlobalSection(ExtensibilityGlobals) = postSolution
		SolutionGuid = {89163C24-1DEA-49A4-81D4-7F113CA1B5DC}
	EndGlobalSection
EndGlobal
